
Microsoft Visual Studio Solution File, Format Version 12.00
# Visual Studio 15
VisualStudioVersion = 15.0.28307.539
MinimumVisualStudioVersion = 10.0.40219.1
Project("{9A19103F-16F7-4668-BE54-9A1E7A4F7556}") = "PredictiveModelling", "PredictiveModelling\PredictiveModelling.csproj", "{834998BC-BB5A-4CFD-88E1-B5B0BC368E32}"
EndProject
Project("{9A19103F-16F7-4668-BE54-9A1E7A4F7556}") = "PredictiveModellingTest", "PredictiveModellingTest\PredictiveModellingTest.csproj", "{20154856-0688-4FB9-A9B8-1E730DB6F5BB}"
EndProject
Project("{2150E333-8FDC-42A3-9474-1A3956D46DE8}") = "Solution Items", "Solution Items", "{04DC220E-93DB-43DA-A8BD-941055732C35}"
	ProjectSection(SolutionItems) = preProject
		build.cake = build.cake
		build.ps1 = build.ps1
		cake.config = cake.config
	EndProjectSection
EndProject
Global
	GlobalSection(SolutionConfigurationPlatforms) = preSolution
		Debug|Any CPU = Debug|Any CPU
		Release|Any CPU = Release|Any CPU
	EndGlobalSection
	GlobalSection(ProjectConfigurationPlatforms) = postSolution
		{834998BC-BB5A-4CFD-88E1-B5B0BC368E32}.Debug|Any CPU.ActiveCfg = Debug|Any CPU
		{834998BC-BB5A-4CFD-88E1-B5B0BC368E32}.Debug|Any CPU.Build.0 = Debug|Any CPU
		{834998BC-BB5A-4CFD-88E1-B5B0BC368E32}.Release|Any CPU.ActiveCfg = Release|Any CPU
		{834998BC-BB5A-4CFD-88E1-B5B0BC368E32}.Release|Any CPU.Build.0 = Release|Any CPU
		{20154856-0688-4FB9-A9B8-1E730DB6F5BB}.Debug|Any CPU.ActiveCfg = Debug|Any CPU
		{20154856-0688-4FB9-A9B8-1E730DB6F5BB}.Debug|Any CPU.Build.0 = Debug|Any CPU
		{20154856-0688-4FB9-A9B8-1E730DB6F5BB}.Release|Any CPU.ActiveCfg = Release|Any CPU
		{20154856-0688-4FB9-A9B8-1E730DB6F5BB}.Release|Any CPU.Build.0 = Release|Any CPU
	EndGlobalSection
	GlobalSection(SolutionProperties) = preSolution
		HideSolutionNode = FALSE
	EndGlobalSection
	GlobalSection(ExtensibilityGlobals) = postSolution
		SolutionGuid = {714E48EE-1D61-4FC7-BC6D-E2490C49416F}
	EndGlobalSection
EndGlobal
